// !$*UTF8*$!
{
	archiveVersion = 1;
	classes = {
	};
	objectVersion = 51;
	objects = {

/* Begin PBXBuildFile section */
		3CA1F7812393351600F8DE95 /* DiscoveryViewController.swift in Sources */ = {isa = PBXBuildFile; fileRef = 3CA1F7802393351600F8DE95 /* DiscoveryViewController.swift */; };
		3CA1F783239374F300F8DE95 /* ONVIFQueryService.swift in Sources */ = {isa = PBXBuildFile; fileRef = 3CA1F782239374F300F8DE95 /* ONVIFQueryService.swift */; };
		3CA1F7852393755100F8DE95 /* ONVIFRequest.swift in Sources */ = {isa = PBXBuildFile; fileRef = 3CA1F7842393755100F8DE95 /* ONVIFRequest.swift */; };
		3CA1F789239375A200F8DE95 /* UDPBroadcastConnectionError.swift in Sources */ = {isa = PBXBuildFile; fileRef = 3CA1F787239375A200F8DE95 /* UDPBroadcastConnectionError.swift */; };
		3CA1F78A239375A200F8DE95 /* UDPBroadcastConnection.swift in Sources */ = {isa = PBXBuildFile; fileRef = 3CA1F788239375A200F8DE95 /* UDPBroadcastConnection.swift */; };
		3CA1F78C2393773A00F8DE95 /* ONVIFDiscovery.swift in Sources */ = {isa = PBXBuildFile; fileRef = 3CA1F78B2393773A00F8DE95 /* ONVIFDiscovery.swift */; };
		3CA1F78F2394834500F8DE95 /* Helpers.swift in Sources */ = {isa = PBXBuildFile; fileRef = 3CA1F78E2394834500F8DE95 /* Helpers.swift */; };
		3CA1F791239484C600F8DE95 /* TableBackgroundView.swift in Sources */ = {isa = PBXBuildFile; fileRef = 3CA1F790239484C600F8DE95 /* TableBackgroundView.swift */; };
		3CA1F7932394E5A500F8DE95 /* NoContentBackground.swift in Sources */ = {isa = PBXBuildFile; fileRef = 3CA1F7922394E5A500F8DE95 /* NoContentBackground.swift */; };
		840304CD2390DBBF0059B390 /* AppDelegate.swift in Sources */ = {isa = PBXBuildFile; fileRef = 840304CC2390DBBF0059B390 /* AppDelegate.swift */; };
		840304CF2390DBBF0059B390 /* SceneDelegate.swift in Sources */ = {isa = PBXBuildFile; fileRef = 840304CE2390DBBF0059B390 /* SceneDelegate.swift */; };
		840304D42390DBBF0059B390 /* Main.storyboard in Resources */ = {isa = PBXBuildFile; fileRef = 840304D22390DBBF0059B390 /* Main.storyboard */; };
		840304D62390DBC20059B390 /* Assets.xcassets in Resources */ = {isa = PBXBuildFile; fileRef = 840304D52390DBC20059B390 /* Assets.xcassets */; };
		840304D92390DBC20059B390 /* LaunchScreen.storyboard in Resources */ = {isa = PBXBuildFile; fileRef = 840304D72390DBC20059B390 /* LaunchScreen.storyboard */; };
		CB8191CB7FDFADB34822B760 /* Pods_ONVIFDiscovery.framework in Frameworks */ = {isa = PBXBuildFile; fileRef = D6C6962289845EA3841E485C /* Pods_ONVIFDiscovery.framework */; };
/* End PBXBuildFile section */

/* Begin PBXFileReference section */
		3CA1F7802393351600F8DE95 /* DiscoveryViewController.swift */ = {isa = PBXFileReference; lastKnownFileType = sourcecode.swift; path = DiscoveryViewController.swift; sourceTree = "<group>"; };
		3CA1F782239374F300F8DE95 /* ONVIFQueryService.swift */ = {isa = PBXFileReference; lastKnownFileType = sourcecode.swift; path = ONVIFQueryService.swift; sourceTree = "<group>"; };
		3CA1F7842393755100F8DE95 /* ONVIFRequest.swift */ = {isa = PBXFileReference; lastKnownFileType = sourcecode.swift; path = ONVIFRequest.swift; sourceTree = "<group>"; };
		3CA1F787239375A200F8DE95 /* UDPBroadcastConnectionError.swift */ = {isa = PBXFileReference; fileEncoding = 4; lastKnownFileType = sourcecode.swift; path = UDPBroadcastConnectionError.swift; sourceTree = "<group>"; };
		3CA1F788239375A200F8DE95 /* UDPBroadcastConnection.swift */ = {isa = PBXFileReference; fileEncoding = 4; lastKnownFileType = sourcecode.swift; path = UDPBroadcastConnection.swift; sourceTree = "<group>"; };
		3CA1F78B2393773A00F8DE95 /* ONVIFDiscovery.swift */ = {isa = PBXFileReference; lastKnownFileType = sourcecode.swift; path = ONVIFDiscovery.swift; sourceTree = "<group>"; };
		3CA1F78E2394834500F8DE95 /* Helpers.swift */ = {isa = PBXFileReference; lastKnownFileType = sourcecode.swift; path = Helpers.swift; sourceTree = "<group>"; };
		3CA1F790239484C600F8DE95 /* TableBackgroundView.swift */ = {isa = PBXFileReference; lastKnownFileType = sourcecode.swift; path = TableBackgroundView.swift; sourceTree = "<group>"; };
		3CA1F7922394E5A500F8DE95 /* NoContentBackground.swift */ = {isa = PBXFileReference; lastKnownFileType = sourcecode.swift; path = NoContentBackground.swift; sourceTree = "<group>"; };
		840304C92390DBBF0059B390 /* ONVIFDiscovery.app */ = {isa = PBXFileReference; explicitFileType = wrapper.application; includeInIndex = 0; path = ONVIFDiscovery.app; sourceTree = BUILT_PRODUCTS_DIR; };
		840304CC2390DBBF0059B390 /* AppDelegate.swift */ = {isa = PBXFileReference; lastKnownFileType = sourcecode.swift; path = AppDelegate.swift; sourceTree = "<group>"; };
		840304CE2390DBBF0059B390 /* SceneDelegate.swift */ = {isa = PBXFileReference; lastKnownFileType = sourcecode.swift; path = SceneDelegate.swift; sourceTree = "<group>"; };
		840304D32390DBBF0059B390 /* Base */ = {isa = PBXFileReference; lastKnownFileType = file.storyboard; name = Base; path = Base.lproj/Main.storyboard; sourceTree = "<group>"; };
		840304D52390DBC20059B390 /* Assets.xcassets */ = {isa = PBXFileReference; lastKnownFileType = folder.assetcatalog; path = Assets.xcassets; sourceTree = "<group>"; };
		840304D82390DBC20059B390 /* Base */ = {isa = PBXFileReference; lastKnownFileType = file.storyboard; name = Base; path = Base.lproj/LaunchScreen.storyboard; sourceTree = "<group>"; };
		840304DA2390DBC20059B390 /* Info.plist */ = {isa = PBXFileReference; lastKnownFileType = text.plist.xml; path = Info.plist; sourceTree = "<group>"; };
		8BC1BCE362E3A3A48F2CAD91 /* Pods-ONVIFDiscovery.debug.xcconfig */ = {isa = PBXFileReference; includeInIndex = 1; lastKnownFileType = text.xcconfig; name = "Pods-ONVIFDiscovery.debug.xcconfig"; path = "Target Support Files/Pods-ONVIFDiscovery/Pods-ONVIFDiscovery.debug.xcconfig"; sourceTree = "<group>"; };
		8E81ED3156212EACCBC483CA /* Pods-ONVIFDiscovery.release.xcconfig */ = {isa = PBXFileReference; includeInIndex = 1; lastKnownFileType = text.xcconfig; name = "Pods-ONVIFDiscovery.release.xcconfig"; path = "Target Support Files/Pods-ONVIFDiscovery/Pods-ONVIFDiscovery.release.xcconfig"; sourceTree = "<group>"; };
		D6C6962289845EA3841E485C /* Pods_ONVIFDiscovery.framework */ = {isa = PBXFileReference; explicitFileType = wrapper.framework; includeInIndex = 0; path = Pods_ONVIFDiscovery.framework; sourceTree = BUILT_PRODUCTS_DIR; };
/* End PBXFileReference section */

/* Begin PBXFrameworksBuildPhase section */
		840304C62390DBBF0059B390 /* Frameworks */ = {
			isa = PBXFrameworksBuildPhase;
			buildActionMask = 2147483647;
			files = (
				CB8191CB7FDFADB34822B760 /* Pods_ONVIFDiscovery.framework in Frameworks */,
			);
			runOnlyForDeploymentPostprocessing = 0;
		};
/* End PBXFrameworksBuildPhase section */

/* Begin PBXGroup section */
		3CA1F786239375A200F8DE95 /* UDPBroadcast */ = {
			isa = PBXGroup;
			children = (
				3CA1F787239375A200F8DE95 /* UDPBroadcastConnectionError.swift */,
				3CA1F788239375A200F8DE95 /* UDPBroadcastConnection.swift */,
			);
			path = UDPBroadcast;
			sourceTree = "<group>";
		};
		3CA1F78D2393779A00F8DE95 /* ONVIF */ = {
			isa = PBXGroup;
			children = (
				3CA1F782239374F300F8DE95 /* ONVIFQueryService.swift */,
				3CA1F78B2393773A00F8DE95 /* ONVIFDiscovery.swift */,
				3CA1F7842393755100F8DE95 /* ONVIFRequest.swift */,
			);
			path = ONVIF;
			sourceTree = "<group>";
		};
		840304C02390DBBF0059B390 = {
			isa = PBXGroup;
			children = (
				840304CB2390DBBF0059B390 /* ONVIFDiscovery */,
				840304CA2390DBBF0059B390 /* Products */,
				8DAC4A9273F3910896DB11AA /* Pods */,
				F6A534DB4DA7F1B5BD231582 /* Frameworks */,
			);
			sourceTree = "<group>";
		};
		840304CA2390DBBF0059B390 /* Products */ = {
			isa = PBXGroup;
			children = (
				840304C92390DBBF0059B390 /* ONVIFDiscovery.app */,
			);
			name = Products;
			sourceTree = "<group>";
		};
		840304CB2390DBBF0059B390 /* ONVIFDiscovery */ = {
			isa = PBXGroup;
			children = (
				840304CC2390DBBF0059B390 /* AppDelegate.swift */,
				840304CE2390DBBF0059B390 /* SceneDelegate.swift */,
				3CA1F78E2394834500F8DE95 /* Helpers.swift */,
				3CA1F790239484C600F8DE95 /* TableBackgroundView.swift */,
				3CA1F7922394E5A500F8DE95 /* NoContentBackground.swift */,
				3CA1F7802393351600F8DE95 /* DiscoveryViewController.swift */,
				3CA1F78D2393779A00F8DE95 /* ONVIF */,
				3CA1F786239375A200F8DE95 /* UDPBroadcast */,
				840304D22390DBBF0059B390 /* Main.storyboard */,
				840304D52390DBC20059B390 /* Assets.xcassets */,
				840304D72390DBC20059B390 /* LaunchScreen.storyboard */,
				840304DA2390DBC20059B390 /* Info.plist */,
			);
			path = ONVIFDiscovery;
			sourceTree = "<group>";
		};
		8DAC4A9273F3910896DB11AA /* Pods */ = {
			isa = PBXGroup;
			children = (
				8BC1BCE362E3A3A48F2CAD91 /* Pods-ONVIFDiscovery.debug.xcconfig */,
				8E81ED3156212EACCBC483CA /* Pods-ONVIFDiscovery.release.xcconfig */,
			);
			path = Pods;
			sourceTree = "<group>";
		};
		F6A534DB4DA7F1B5BD231582 /* Frameworks */ = {
			isa = PBXGroup;
			children = (
				D6C6962289845EA3841E485C /* Pods_ONVIFDiscovery.framework */,
			);
			name = Frameworks;
			sourceTree = "<group>";
		};
/* End PBXGroup section */

/* Begin PBXNativeTarget section */
		840304C82390DBBF0059B390 /* ONVIFDiscovery */ = {
			isa = PBXNativeTarget;
			buildConfigurationList = 840304DD2390DBC20059B390 /* Build configuration list for PBXNativeTarget "ONVIFDiscovery" */;
			buildPhases = (
				EC0E63FB0B16952DEA0C0B27 /* [CP] Check Pods Manifest.lock */,
				840304C52390DBBF0059B390 /* Sources */,
				840304C62390DBBF0059B390 /* Frameworks */,
				840304C72390DBBF0059B390 /* Resources */,
				E27E57DDFCCA30A405DE9CBF /* [CP] Embed Pods Frameworks */,
			);
			buildRules = (
			);
			dependencies = (
			);
			name = ONVIFDiscovery;
			productName = ONVIFDiscovery;
			productReference = 840304C92390DBBF0059B390 /* ONVIFDiscovery.app */;
			productType = "com.apple.product-type.application";
		};
/* End PBXNativeTarget section */

/* Begin PBXProject section */
		840304C12390DBBF0059B390 /* Project object */ = {
			isa = PBXProject;
			attributes = {
				LastSwiftUpdateCheck = 1120;
				LastUpgradeCheck = 1120;
				ORGANIZATIONNAME = home;
				TargetAttributes = {
					840304C82390DBBF0059B390 = {
						CreatedOnToolsVersion = 11.2;
					};
				};
			};
			buildConfigurationList = 840304C42390DBBF0059B390 /* Build configuration list for PBXProject "ONVIFDiscovery" */;
			compatibilityVersion = "Xcode 9.3";
			developmentRegion = en;
			hasScannedForEncodings = 0;
			knownRegions = (
				en,
				Base,
			);
			mainGroup = 840304C02390DBBF0059B390;
			productRefGroup = 840304CA2390DBBF0059B390 /* Products */;
			projectDirPath = "";
			projectRoot = "";
			targets = (
				840304C82390DBBF0059B390 /* ONVIFDiscovery */,
			);
		};
/* End PBXProject section */

/* Begin PBXResourcesBuildPhase section */
		840304C72390DBBF0059B390 /* Resources */ = {
			isa = PBXResourcesBuildPhase;
			buildActionMask = 2147483647;
			files = (
				840304D92390DBC20059B390 /* LaunchScreen.storyboard in Resources */,
				840304D62390DBC20059B390 /* Assets.xcassets in Resources */,
				840304D42390DBBF0059B390 /* Main.storyboard in Resources */,
			);
			runOnlyForDeploymentPostprocessing = 0;
		};
/* End PBXResourcesBuildPhase section */

/* Begin PBXShellScriptBuildPhase section */
		E27E57DDFCCA30A405DE9CBF /* [CP] Embed Pods Frameworks */ = {
			isa = PBXShellScriptBuildPhase;
			buildActionMask = 2147483647;
			files = (
			);
			inputFileListPaths = (
				"${PODS_ROOT}/Target Support Files/Pods-ONVIFDiscovery/Pods-ONVIFDiscovery-frameworks-${CONFIGURATION}-input-files.xcfilelist",
			);
			name = "[CP] Embed Pods Frameworks";
			outputFileListPaths = (
				"${PODS_ROOT}/Target Support Files/Pods-ONVIFDiscovery/Pods-ONVIFDiscovery-frameworks-${CONFIGURATION}-output-files.xcfilelist",
			);
			runOnlyForDeploymentPostprocessing = 0;
			shellPath = /bin/sh;
			shellScript = "\"${PODS_ROOT}/Target Support Files/Pods-ONVIFDiscovery/Pods-ONVIFDiscovery-frameworks.sh\"\n";
			showEnvVarsInLog = 0;
		};
		EC0E63FB0B16952DEA0C0B27 /* [CP] Check Pods Manifest.lock */ = {
			isa = PBXShellScriptBuildPhase;
			buildActionMask = 2147483647;
			files = (
			);
			inputFileListPaths = (
			);
			inputPaths = (
				"${PODS_PODFILE_DIR_PATH}/Podfile.lock",
				"${PODS_ROOT}/Manifest.lock",
			);
			name = "[CP] Check Pods Manifest.lock";
			outputFileListPaths = (
			);
			outputPaths = (
				"$(DERIVED_FILE_DIR)/Pods-ONVIFDiscovery-checkManifestLockResult.txt",
			);
			runOnlyForDeploymentPostprocessing = 0;
			shellPath = /bin/sh;
			shellScript = "diff \"${PODS_PODFILE_DIR_PATH}/Podfile.lock\" \"${PODS_ROOT}/Manifest.lock\" > /dev/null\nif [ $? != 0 ] ; then\n    # print error to STDERR\n    echo \"error: The sandbox is not in sync with the Podfile.lock. Run 'pod install' or update your CocoaPods installation.\" >&2\n    exit 1\nfi\n# This output is used by Xcode 'outputs' to avoid re-running this script phase.\necho \"SUCCESS\" > \"${SCRIPT_OUTPUT_FILE_0}\"\n";
			showEnvVarsInLog = 0;
		};
/* End PBXShellScriptBuildPhase section */

/* Begin PBXSourcesBuildPhase section */
		840304C52390DBBF0059B390 /* Sources */ = {
			isa = PBXSourcesBuildPhase;
			buildActionMask = 2147483647;
			files = (
				3CA1F7852393755100F8DE95 /* ONVIFRequest.swift in Sources */,
				3CA1F78C2393773A00F8DE95 /* ONVIFDiscovery.swift in Sources */,
				840304CD2390DBBF0059B390 /* AppDelegate.swift in Sources */,
				3CA1F7812393351600F8DE95 /* DiscoveryViewController.swift in Sources */,
				3CA1F78F2394834500F8DE95 /* Helpers.swift in Sources */,
				3CA1F78A239375A200F8DE95 /* UDPBroadcastConnection.swift in Sources */,
				840304CF2390DBBF0059B390 /* SceneDelegate.swift in Sources */,
				3CA1F791239484C600F8DE95 /* TableBackgroundView.swift in Sources */,
				3CA1F789239375A200F8DE95 /* UDPBroadcastConnectionError.swift in Sources */,
				3CA1F783239374F300F8DE95 /* ONVIFQueryService.swift in Sources */,
				3CA1F7932394E5A500F8DE95 /* NoContentBackground.swift in Sources */,
			);
			runOnlyForDeploymentPostprocessing = 0;
		};
/* End PBXSourcesBuildPhase section */

/* Begin PBXVariantGroup section */
		840304D22390DBBF0059B390 /* Main.storyboard */ = {
			isa = PBXVariantGroup;
			children = (
				840304D32390DBBF0059B390 /* Base */,
			);
			name = Main.storyboard;
			sourceTree = "<group>";
		};
		840304D72390DBC20059B390 /* LaunchScreen.storyboard */ = {
			isa = PBXVariantGroup;
			children = (
				840304D82390DBC20059B390 /* Base */,
			);
			name = LaunchScreen.storyboard;
			sourceTree = "<group>";
		};
/* End PBXVariantGroup section */

/* Begin XCBuildConfiguration section */
		840304DB2390DBC20059B390 /* Debug */ = {
			isa = XCBuildConfiguration;
			buildSettings = {
				ALWAYS_SEARCH_USER_PATHS = NO;
				CLANG_ANALYZER_NONNULL = YES;
				CLANG_ANALYZER_NUMBER_OBJECT_CONVERSION = YES_AGGRESSIVE;
				CLANG_CXX_LANGUAGE_STANDARD = "gnu++14";
				CLANG_CXX_LIBRARY = "libc++";
				CLANG_ENABLE_MODULES = YES;
				CLANG_ENABLE_OBJC_ARC = YES;
				CLANG_ENABLE_OBJC_WEAK = YES;
				CLANG_WARN_BLOCK_CAPTURE_AUTORELEASING = YES;
				CLANG_WARN_BOOL_CONVERSION = YES;
				CLANG_WARN_COMMA = YES;
				CLANG_WARN_CONSTANT_CONVERSION = YES;
				CLANG_WARN_DEPRECATED_OBJC_IMPLEMENTATIONS = YES;
				CLANG_WARN_DIRECT_OBJC_ISA_USAGE = YES_ERROR;
				CLANG_WARN_DOCUMENTATION_COMMENTS = YES;
				CLANG_WARN_EMPTY_BODY = YES;
				CLANG_WARN_ENUM_CONVERSION = YES;
				CLANG_WARN_INFINITE_RECURSION = YES;
				CLANG_WARN_INT_CONVERSION = YES;
				CLANG_WARN_NON_LITERAL_NULL_CONVERSION = YES;
				CLANG_WARN_OBJC_IMPLICIT_RETAIN_SELF = YES;
				CLANG_WARN_OBJC_LITERAL_CONVERSION = YES;
				CLANG_WARN_OBJC_ROOT_CLASS = YES_ERROR;
				CLANG_WARN_RANGE_LOOP_ANALYSIS = YES;
				CLANG_WARN_STRICT_PROTOTYPES = YES;
				CLANG_WARN_SUSPICIOUS_MOVE = YES;
				CLANG_WARN_UNGUARDED_AVAILABILITY = YES_AGGRESSIVE;
				CLANG_WARN_UNREACHABLE_CODE = YES;
				CLANG_WARN__DUPLICATE_METHOD_MATCH = YES;
				COPY_PHASE_STRIP = NO;
				DEBUG_INFORMATION_FORMAT = dwarf;
				ENABLE_STRICT_OBJC_MSGSEND = YES;
				ENABLE_TESTABILITY = YES;
				GCC_C_LANGUAGE_STANDARD = gnu11;
				GCC_DYNAMIC_NO_PIC = NO;
				GCC_NO_COMMON_BLOCKS = YES;
				GCC_OPTIMIZATION_LEVEL = 0;
				GCC_PREPROCESSOR_DEFINITIONS = (
					"DEBUG=1",
					"$(inherited)",
				);
				GCC_WARN_64_TO_32_BIT_CONVERSION = YES;
				GCC_WARN_ABOUT_RETURN_TYPE = YES_ERROR;
				GCC_WARN_UNDECLARED_SELECTOR = YES;
				GCC_WARN_UNINITIALIZED_AUTOS = YES_AGGRESSIVE;
				GCC_WARN_UNUSED_FUNCTION = YES;
				GCC_WARN_UNUSED_VARIABLE = YES;
				IPHONEOS_DEPLOYMENT_TARGET = 13.2;
				MTL_ENABLE_DEBUG_INFO = INCLUDE_SOURCE;
				MTL_FAST_MATH = YES;
				ONLY_ACTIVE_ARCH = YES;
				SDKROOT = iphoneos;
				SWIFT_ACTIVE_COMPILATION_CONDITIONS = DEBUG;
				SWIFT_OPTIMIZATION_LEVEL = "-Onone";
			};
			name = Debug;
		};
		840304DC2390DBC20059B390 /* Release */ = {
			isa = XCBuildConfiguration;
			buildSettings = {
				ALWAYS_SEARCH_USER_PATHS = NO;
				CLANG_ANALYZER_NONNULL = YES;
				CLANG_ANALYZER_NUMBER_OBJECT_CONVERSION = YES_AGGRESSIVE;
				CLANG_CXX_LANGUAGE_STANDARD = "gnu++14";
				CLANG_CXX_LIBRARY = "libc++";
				CLANG_ENABLE_MODULES = YES;
				CLANG_ENABLE_OBJC_ARC = YES;
				CLANG_ENABLE_OBJC_WEAK = YES;
				CLANG_WARN_BLOCK_CAPTURE_AUTORELEASING = YES;
				CLANG_WARN_BOOL_CONVERSION = YES;
				CLANG_WARN_COMMA = YES;
				CLANG_WARN_CONSTANT_CONVERSION = YES;
				CLANG_WARN_DEPRECATED_OBJC_IMPLEMENTATIONS = YES;
				CLANG_WARN_DIRECT_OBJC_ISA_USAGE = YES_ERROR;
				CLANG_WARN_DOCUMENTATION_COMMENTS = YES;
				CLANG_WARN_EMPTY_BODY = YES;
				CLANG_WARN_ENUM_CONVERSION = YES;
				CLANG_WARN_INFINITE_RECURSION = YES;
				CLANG_WARN_INT_CONVERSION = YES;
				CLANG_WARN_NON_LITERAL_NULL_CONVERSION = YES;
				CLANG_WARN_OBJC_IMPLICIT_RETAIN_SELF = YES;
				CLANG_WARN_OBJC_LITERAL_CONVERSION = YES;
				CLANG_WARN_OBJC_ROOT_CLASS = YES_ERROR;
				CLANG_WARN_RANGE_LOOP_ANALYSIS = YES;
				CLANG_WARN_STRICT_PROTOTYPES = YES;
				CLANG_WARN_SUSPICIOUS_MOVE = YES;
				CLANG_WARN_UNGUARDED_AVAILABILITY = YES_AGGRESSIVE;
				CLANG_WARN_UNREACHABLE_CODE = YES;
				CLANG_WARN__DUPLICATE_METHOD_MATCH = YES;
				COPY_PHASE_STRIP = NO;
				DEBUG_INFORMATION_FORMAT = "dwarf-with-dsym";
				ENABLE_NS_ASSERTIONS = NO;
				ENABLE_STRICT_OBJC_MSGSEND = YES;
				GCC_C_LANGUAGE_STANDARD = gnu11;
				GCC_NO_COMMON_BLOCKS = YES;
				GCC_WARN_64_TO_32_BIT_CONVERSION = YES;
				GCC_WARN_ABOUT_RETURN_TYPE = YES_ERROR;
				GCC_WARN_UNDECLARED_SELECTOR = YES;
				GCC_WARN_UNINITIALIZED_AUTOS = YES_AGGRESSIVE;
				GCC_WARN_UNUSED_FUNCTION = YES;
				GCC_WARN_UNUSED_VARIABLE = YES;
				IPHONEOS_DEPLOYMENT_TARGET = 13.2;
				MTL_ENABLE_DEBUG_INFO = NO;
				MTL_FAST_MATH = YES;
				SDKROOT = iphoneos;
				SWIFT_COMPILATION_MODE = wholemodule;
				SWIFT_OPTIMIZATION_LEVEL = "-O";
				VALIDATE_PRODUCT = YES;
			};
			name = Release;
		};
		840304DE2390DBC20059B390 /* Debug */ = {
			isa = XCBuildConfiguration;
			baseConfigurationReference = 8BC1BCE362E3A3A48F2CAD91 /* Pods-ONVIFDiscovery.debug.xcconfig */;
			buildSettings = {
				ASSETCATALOG_COMPILER_APPICON_NAME = AppIcon;
				CODE_SIGN_STYLE = Automatic;
				INFOPLIST_FILE = ONVIFDiscovery/Info.plist;
				LD_RUNPATH_SEARCH_PATHS = (
					"$(inherited)",
					"@executable_path/Frameworks",
				);
				PRODUCT_BUNDLE_IDENTIFIER = com.ONVIFDiscovery;
				PRODUCT_NAME = "$(TARGET_NAME)";
				SWIFT_VERSION = 5.0;
				TARGETED_DEVICE_FAMILY = "1,2";
			};
			name = Debug;
		};
		840304DF2390DBC20059B390 /* Release */ = {
			isa = XCBuildConfiguration;
			baseConfigurationReference = 8E81ED3156212EACCBC483CA /* Pods-ONVIFDiscovery.release.xcconfig */;
			buildSettings = {
				ASSETCATALOG_COMPILER_APPICON_NAME = AppIcon;
				CODE_SIGN_STYLE = Automatic;
				INFOPLIST_FILE = ONVIFDiscovery/Info.plist;
				LD_RUNPATH_SEARCH_PATHS = (
					"$(inherited)",
					"@executable_path/Frameworks",
				);
				PRODUCT_BUNDLE_IDENTIFIER = com.ONVIFDiscovery;
				PRODUCT_NAME = "$(TARGET_NAME)";
				SWIFT_VERSION = 5.0;
				TARGETED_DEVICE_FAMILY = "1,2";
			};
			name = Release;
		};
/* End XCBuildConfiguration section */

/* Begin XCConfigurationList section */
		840304C42390DBBF0059B390 /* Build configuration list for PBXProject "ONVIFDiscovery" */ = {
			isa = XCConfigurationList;
			buildConfigurations = (
				840304DB2390DBC20059B390 /* Debug */,
				840304DC2390DBC20059B390 /* Release */,
			);
			defaultConfigurationIsVisible = 0;
			defaultConfigurationName = Release;
		};
		840304DD2390DBC20059B390 /* Build configuration list for PBXNativeTarget "ONVIFDiscovery" */ = {
			isa = XCConfigurationList;
			buildConfigurations = (
				840304DE2390DBC20059B390 /* Debug */,
				840304DF2390DBC20059B390 /* Release */,
			);
			defaultConfigurationIsVisible = 0;
			defaultConfigurationName = Release;
		};
/* End XCConfigurationList section */
	};
	rootObject = 840304C12390DBBF0059B390 /* Project object */;
}
